
Microsoft Visual Studio Solution File, Format Version 12.00
# Visual Studio Version 17
VisualStudioVersion = 17.5.33516.290
MinimumVisualStudioVersion = 10.0.40219.1
Project("{FAE04EC0-301F-11D3-BF4B-00C04F79EFBC}") = "BetterPause", "BetterPause.csproj", "{3F8309B7-A0B5-4850-B75F-A2B21EDA37B3}"
EndProject
Global
	GlobalSection(SolutionConfigurationPlatforms) = preSolution
		Debug|Any CPU = Debug|Any CPU
		Release|Any CPU = Release|Any CPU
	EndGlobalSection
	GlobalSection(ProjectConfigurationPlatforms) = postSolution
		{3F8309B7-A0B5-4850-B75F-A2B21EDA37B3}.Debug|Any CPU.ActiveCfg = Debug|Any CPU
		{3F8309B7-A0B5-4850-B75F-A2B21EDA37B3}.Debug|Any CPU.Build.0 = Debug|Any CPU
		{3F8309B7-A0B5-4850-B75F-A2B21EDA37B3}.Release|Any CPU.ActiveCfg = Release|Any CPU
		{3F8309B7-A0B5-4850-B75F-A2B21EDA37B3}.Release|Any CPU.Build.0 = Release|Any CPU
	EndGlobalSection
	GlobalSection(SolutionProperties) = preSolution
		HideSolutionNode = FALSE
	EndGlobalSection
	GlobalSection(ExtensibilityGlobals) = postSolution
		SolutionGuid = {51EA15D3-15D6-4C46-9434-6446CFCD3219}
	EndGlobalSection
EndGlobal
